
Microsoft Visual Studio Solution File, Format Version 12.00
# Visual Studio Version 16
VisualStudioVersion = 16.0.29728.190
MinimumVisualStudioVersion = 10.0.40219.1
Project("{FAE04EC0-301F-11D3-BF4B-00C04F79EFBC}") = "Commerce_Bank.Api", "Commerce_Bank.Api\Commerce_Bank.Api.csproj", "{EDF48E71-3339-4B07-B978-B960802D874F}"
EndProject
Project("{FAE04EC0-301F-11D3-BF4B-00C04F79EFBC}") = "Commerce_Bank.DataAccess", "Commerce_Bank.DataAccess\Commerce_Bank.DataAccess.csproj", "{410816F7-13D3-4556-A108-977CDFDD6183}"
EndProject
Global
	GlobalSection(SolutionConfigurationPlatforms) = preSolution
		Debug|Any CPU = Debug|Any CPU
		Release|Any CPU = Release|Any CPU
	EndGlobalSection
	GlobalSection(ProjectConfigurationPlatforms) = postSolution
		{EDF48E71-3339-4B07-B978-B960802D874F}.Debug|Any CPU.ActiveCfg = Debug|Any CPU
		{EDF48E71-3339-4B07-B978-B960802D874F}.Debug|Any CPU.Build.0 = Debug|Any CPU
		{EDF48E71-3339-4B07-B978-B960802D874F}.Release|Any CPU.ActiveCfg = Release|Any CPU
		{EDF48E71-3339-4B07-B978-B960802D874F}.Release|Any CPU.Build.0 = Release|Any CPU
		{410816F7-13D3-4556-A108-977CDFDD6183}.Debug|Any CPU.ActiveCfg = Debug|Any CPU
		{410816F7-13D3-4556-A108-977CDFDD6183}.Debug|Any CPU.Build.0 = Debug|Any CPU
		{410816F7-13D3-4556-A108-977CDFDD6183}.Release|Any CPU.ActiveCfg = Release|Any CPU
		{410816F7-13D3-4556-A108-977CDFDD6183}.Release|Any CPU.Build.0 = Release|Any CPU
	EndGlobalSection
	GlobalSection(SolutionProperties) = preSolution
		HideSolutionNode = FALSE
	EndGlobalSection
	GlobalSection(ExtensibilityGlobals) = postSolution
		SolutionGuid = {F4C5C37B-5C33-4A27-B8B0-863AD4E2F624}
	EndGlobalSection
EndGlobal
